
Microsoft Visual Studio Solution File, Format Version 12.00
# Visual Studio Version 17
VisualStudioVersion = 17.2.32516.85
MinimumVisualStudioVersion = 10.0.40219.1
Project("{FAE04EC0-301F-11D3-BF4B-00C04F79EFBC}") = "Lab2", "Lab2.csproj", "{421D3E22-5D8C-40F3-8510-F5CA4B260207}"
EndProject
Global
	GlobalSection(SolutionConfigurationPlatforms) = preSolution
		Debug|Any CPU = Debug|Any CPU
		Release|Any CPU = Release|Any CPU
	EndGlobalSection
	GlobalSection(ProjectConfigurationPlatforms) = postSolution
		{421D3E22-5D8C-40F3-8510-F5CA4B260207}.Debug|Any CPU.ActiveCfg = Debug|Any CPU
		{421D3E22-5D8C-40F3-8510-F5CA4B260207}.Debug|Any CPU.Build.0 = Debug|Any CPU
		{421D3E22-5D8C-40F3-8510-F5CA4B260207}.Release|Any CPU.ActiveCfg = Release|Any CPU
		{421D3E22-5D8C-40F3-8510-F5CA4B260207}.Release|Any CPU.Build.0 = Release|Any CPU
	EndGlobalSection
	GlobalSection(SolutionProperties) = preSolution
		HideSolutionNode = FALSE
	EndGlobalSection
	GlobalSection(ExtensibilityGlobals) = postSolution
		SolutionGuid = {F0D6A69E-E86C-45B3-860C-72DA536919A7}
	EndGlobalSection
EndGlobal
