
Microsoft Visual Studio Solution File, Format Version 12.00
# Visual Studio Version 17
VisualStudioVersion = 17.0.32014.148
MinimumVisualStudioVersion = 10.0.40219.1
Project("{FAE04EC0-301F-11D3-BF4B-00C04F79EFBC}") = "Lab5StatisticsCalculator", "Lab5StatisticsCalculator.csproj", "{29DE0E97-82B2-4540-8F5F-D7C2DB1F791E}"
EndProject
Global
	GlobalSection(SolutionConfigurationPlatforms) = preSolution
		Debug|Any CPU = Debug|Any CPU
		Release|Any CPU = Release|Any CPU
	EndGlobalSection
	GlobalSection(ProjectConfigurationPlatforms) = postSolution
		{29DE0E97-82B2-4540-8F5F-D7C2DB1F791E}.Debug|Any CPU.ActiveCfg = Debug|Any CPU
		{29DE0E97-82B2-4540-8F5F-D7C2DB1F791E}.Debug|Any CPU.Build.0 = Debug|Any CPU
		{29DE0E97-82B2-4540-8F5F-D7C2DB1F791E}.Release|Any CPU.ActiveCfg = Release|Any CPU
		{29DE0E97-82B2-4540-8F5F-D7C2DB1F791E}.Release|Any CPU.Build.0 = Release|Any CPU
	EndGlobalSection
	GlobalSection(SolutionProperties) = preSolution
		HideSolutionNode = FALSE
	EndGlobalSection
	GlobalSection(ExtensibilityGlobals) = postSolution
		SolutionGuid = {B2DD2B5F-60AF-48E7-9385-20A10D3938D1}
	EndGlobalSection
EndGlobal
