
Microsoft Visual Studio Solution File, Format Version 12.00
# Visual Studio Version 17
VisualStudioVersion = 17.6.33723.286
MinimumVisualStudioVersion = 10.0.40219.1
Project("{FAE04EC0-301F-11D3-BF4B-00C04F79EFBC}") = "Lab08", "Lab08.csproj", "{B869FE50-6E0B-4E4F-AD72-4B3347C62331}"
EndProject
Global
	GlobalSection(SolutionConfigurationPlatforms) = preSolution
		Debug|Any CPU = Debug|Any CPU
		Release|Any CPU = Release|Any CPU
	EndGlobalSection
	GlobalSection(ProjectConfigurationPlatforms) = postSolution
		{B869FE50-6E0B-4E4F-AD72-4B3347C62331}.Debug|Any CPU.ActiveCfg = Debug|Any CPU
		{B869FE50-6E0B-4E4F-AD72-4B3347C62331}.Debug|Any CPU.Build.0 = Debug|Any CPU
		{B869FE50-6E0B-4E4F-AD72-4B3347C62331}.Release|Any CPU.ActiveCfg = Release|Any CPU
		{B869FE50-6E0B-4E4F-AD72-4B3347C62331}.Release|Any CPU.Build.0 = Release|Any CPU
	EndGlobalSection
	GlobalSection(SolutionProperties) = preSolution
		HideSolutionNode = FALSE
	EndGlobalSection
	GlobalSection(ExtensibilityGlobals) = postSolution
		SolutionGuid = {1759819D-28F3-458D-85F7-D2F6C7FB1E3B}
	EndGlobalSection
EndGlobal
