
Microsoft Visual Studio Solution File, Format Version 12.00
# Visual Studio Version 17
VisualStudioVersion = 17.6.33723.286
MinimumVisualStudioVersion = 10.0.40219.1
Project("{FAE04EC0-301F-11D3-BF4B-00C04F79EFBC}") = "Lab6", "Lab6.csproj", "{58DE458E-25D3-4166-A2B0-4D191F1D8326}"
EndProject
Global
	GlobalSection(SolutionConfigurationPlatforms) = preSolution
		Debug|Any CPU = Debug|Any CPU
		Release|Any CPU = Release|Any CPU
	EndGlobalSection
	GlobalSection(ProjectConfigurationPlatforms) = postSolution
		{58DE458E-25D3-4166-A2B0-4D191F1D8326}.Debug|Any CPU.ActiveCfg = Debug|Any CPU
		{58DE458E-25D3-4166-A2B0-4D191F1D8326}.Debug|Any CPU.Build.0 = Debug|Any CPU
		{58DE458E-25D3-4166-A2B0-4D191F1D8326}.Release|Any CPU.ActiveCfg = Release|Any CPU
		{58DE458E-25D3-4166-A2B0-4D191F1D8326}.Release|Any CPU.Build.0 = Release|Any CPU
	EndGlobalSection
	GlobalSection(SolutionProperties) = preSolution
		HideSolutionNode = FALSE
	EndGlobalSection
	GlobalSection(ExtensibilityGlobals) = postSolution
		SolutionGuid = {DF0110FB-3089-415D-B378-08CCE14EA243}
	EndGlobalSection
EndGlobal
